
Microsoft Visual Studio Solution File, Format Version 12.00
# Visual Studio Version 16
VisualStudioVersion = 16.0.29319.158
MinimumVisualStudioVersion = 10.0.40219.1
Project("{9A19103F-16F7-4668-BE54-9A1E7A4F7556}") = "PassiveApi", "PassiveApi.csproj", "{C99297A5-D179-475F-B537-F3AE1036CB48}"
EndProject
Project("{FAE04EC0-301F-11D3-BF4B-00C04F79EFBC}") = "PassiveApi.Test", "..\PassiveApi.Test\PassiveApi.Test.csproj", "{A223DF6D-83B3-4EEE-BA84-0BD527500A09}"
EndProject
Global
	GlobalSection(SolutionConfigurationPlatforms) = preSolution
		Debug|Any CPU = Debug|Any CPU
		Release|Any CPU = Release|Any CPU
	EndGlobalSection
	GlobalSection(ProjectConfigurationPlatforms) = postSolution
		{C99297A5-D179-475F-B537-F3AE1036CB48}.Debug|Any CPU.ActiveCfg = Debug|Any CPU
		{C99297A5-D179-475F-B537-F3AE1036CB48}.Debug|Any CPU.Build.0 = Debug|Any CPU
		{C99297A5-D179-475F-B537-F3AE1036CB48}.Release|Any CPU.ActiveCfg = Release|Any CPU
		{C99297A5-D179-475F-B537-F3AE1036CB48}.Release|Any CPU.Build.0 = Release|Any CPU
		{A223DF6D-83B3-4EEE-BA84-0BD527500A09}.Debug|Any CPU.ActiveCfg = Debug|Any CPU
		{A223DF6D-83B3-4EEE-BA84-0BD527500A09}.Debug|Any CPU.Build.0 = Debug|Any CPU
		{A223DF6D-83B3-4EEE-BA84-0BD527500A09}.Release|Any CPU.ActiveCfg = Release|Any CPU
		{A223DF6D-83B3-4EEE-BA84-0BD527500A09}.Release|Any CPU.Build.0 = Release|Any CPU
	EndGlobalSection
	GlobalSection(SolutionProperties) = preSolution
		HideSolutionNode = FALSE
	EndGlobalSection
	GlobalSection(ExtensibilityGlobals) = postSolution
		SolutionGuid = {3C1BFB63-80F4-4F05-8D23-947604E3352A}
	EndGlobalSection
EndGlobal
